
Microsoft Visual Studio Solution File, Format Version 12.00
# Visual Studio Version 17
VisualStudioVersion = 17.10.35013.160
MinimumVisualStudioVersion = 10.0.40219.1
Project("{FAE04EC0-301F-11D3-BF4B-00C04F79EFBC}") = "OOP_Day3", "OOP_Day3.csproj", "{6601FED0-FAEE-4369-911D-ABD988492C57}"
EndProject
Global
	GlobalSection(SolutionConfigurationPlatforms) = preSolution
		Debug|Any CPU = Debug|Any CPU
		Release|Any CPU = Release|Any CPU
	EndGlobalSection
	GlobalSection(ProjectConfigurationPlatforms) = postSolution
		{6601FED0-FAEE-4369-911D-ABD988492C57}.Debug|Any CPU.ActiveCfg = Debug|Any CPU
		{6601FED0-FAEE-4369-911D-ABD988492C57}.Debug|Any CPU.Build.0 = Debug|Any CPU
		{6601FED0-FAEE-4369-911D-ABD988492C57}.Release|Any CPU.ActiveCfg = Release|Any CPU
		{6601FED0-FAEE-4369-911D-ABD988492C57}.Release|Any CPU.Build.0 = Release|Any CPU
	EndGlobalSection
	GlobalSection(SolutionProperties) = preSolution
		HideSolutionNode = FALSE
	EndGlobalSection
	GlobalSection(ExtensibilityGlobals) = postSolution
		SolutionGuid = {6C37DC42-0402-40EE-AA8C-737BDAD70E53}
	EndGlobalSection
EndGlobal
