
Microsoft Visual Studio Solution File, Format Version 12.00
# Visual Studio Version 17
VisualStudioVersion = 17.8.34408.163
MinimumVisualStudioVersion = 10.0.40219.1
Project("{FAE04EC0-301F-11D3-BF4B-00C04F79EFBC}") = "DataStructure_Day1", "DataStructure_Day1\DataStructure_Day1.csproj", "{D65C3AA8-A434-4837-B32B-6C2F2D1DC993}"
EndProject
Global
	GlobalSection(SolutionConfigurationPlatforms) = preSolution
		Debug|Any CPU = Debug|Any CPU
		Release|Any CPU = Release|Any CPU
	EndGlobalSection
	GlobalSection(ProjectConfigurationPlatforms) = postSolution
		{D65C3AA8-A434-4837-B32B-6C2F2D1DC993}.Debug|Any CPU.ActiveCfg = Debug|Any CPU
		{D65C3AA8-A434-4837-B32B-6C2F2D1DC993}.Debug|Any CPU.Build.0 = Debug|Any CPU
		{D65C3AA8-A434-4837-B32B-6C2F2D1DC993}.Release|Any CPU.ActiveCfg = Release|Any CPU
		{D65C3AA8-A434-4837-B32B-6C2F2D1DC993}.Release|Any CPU.Build.0 = Release|Any CPU
	EndGlobalSection
	GlobalSection(SolutionProperties) = preSolution
		HideSolutionNode = FALSE
	EndGlobalSection
	GlobalSection(ExtensibilityGlobals) = postSolution
		SolutionGuid = {AA6572AD-4C27-43CF-B674-CAB51033F277}
	EndGlobalSection
EndGlobal
