
Microsoft Visual Studio Solution File, Format Version 12.00
# Visual Studio Version 17
VisualStudioVersion = 17.10.35013.160
MinimumVisualStudioVersion = 10.0.40219.1
Project("{FAE04EC0-301F-11D3-BF4B-00C04F79EFBC}") = "Day6_Assignments", "Day6_Assignments.csproj", "{0629DA8E-364F-4567-9D2C-612CB9B94F67}"
EndProject
Global
	GlobalSection(SolutionConfigurationPlatforms) = preSolution
		Debug|Any CPU = Debug|Any CPU
		Release|Any CPU = Release|Any CPU
	EndGlobalSection
	GlobalSection(ProjectConfigurationPlatforms) = postSolution
		{0629DA8E-364F-4567-9D2C-612CB9B94F67}.Debug|Any CPU.ActiveCfg = Debug|Any CPU
		{0629DA8E-364F-4567-9D2C-612CB9B94F67}.Debug|Any CPU.Build.0 = Debug|Any CPU
		{0629DA8E-364F-4567-9D2C-612CB9B94F67}.Release|Any CPU.ActiveCfg = Release|Any CPU
		{0629DA8E-364F-4567-9D2C-612CB9B94F67}.Release|Any CPU.Build.0 = Release|Any CPU
	EndGlobalSection
	GlobalSection(SolutionProperties) = preSolution
		HideSolutionNode = FALSE
	EndGlobalSection
	GlobalSection(ExtensibilityGlobals) = postSolution
		SolutionGuid = {C8C0EF02-DB56-45D1-9679-94B2EA9201B4}
	EndGlobalSection
EndGlobal
