
Microsoft Visual Studio Solution File, Format Version 12.00
# Visual Studio Version 17
VisualStudioVersion = 17.10.35013.160
MinimumVisualStudioVersion = 10.0.40219.1
Project("{FAE04EC0-301F-11D3-BF4B-00C04F79EFBC}") = "ConsoleProject", "ConsoleProject.csproj", "{0E29E709-6BC3-4F40-84D7-6764EE0D5AF5}"
EndProject
Global
	GlobalSection(SolutionConfigurationPlatforms) = preSolution
		Debug|Any CPU = Debug|Any CPU
		Release|Any CPU = Release|Any CPU
	EndGlobalSection
	GlobalSection(ProjectConfigurationPlatforms) = postSolution
		{0E29E709-6BC3-4F40-84D7-6764EE0D5AF5}.Debug|Any CPU.ActiveCfg = Debug|Any CPU
		{0E29E709-6BC3-4F40-84D7-6764EE0D5AF5}.Debug|Any CPU.Build.0 = Debug|Any CPU
		{0E29E709-6BC3-4F40-84D7-6764EE0D5AF5}.Release|Any CPU.ActiveCfg = Release|Any CPU
		{0E29E709-6BC3-4F40-84D7-6764EE0D5AF5}.Release|Any CPU.Build.0 = Release|Any CPU
	EndGlobalSection
	GlobalSection(SolutionProperties) = preSolution
		HideSolutionNode = FALSE
	EndGlobalSection
	GlobalSection(ExtensibilityGlobals) = postSolution
		SolutionGuid = {23A6FFC5-07DF-459A-A6CA-8218C6D49DBA}
	EndGlobalSection
EndGlobal
