
Microsoft Visual Studio Solution File, Format Version 12.00
# Visual Studio Version 17
VisualStudioVersion = 17.10.35013.160
MinimumVisualStudioVersion = 10.0.40219.1
Project("{FAE04EC0-301F-11D3-BF4B-00C04F79EFBC}") = "OOP_Day1", "OOP_Day1.csproj", "{92AA0989-95EF-4933-907B-B87239535034}"
EndProject
Global
	GlobalSection(SolutionConfigurationPlatforms) = preSolution
		Debug|Any CPU = Debug|Any CPU
		Release|Any CPU = Release|Any CPU
	EndGlobalSection
	GlobalSection(ProjectConfigurationPlatforms) = postSolution
		{92AA0989-95EF-4933-907B-B87239535034}.Debug|Any CPU.ActiveCfg = Debug|Any CPU
		{92AA0989-95EF-4933-907B-B87239535034}.Debug|Any CPU.Build.0 = Debug|Any CPU
		{92AA0989-95EF-4933-907B-B87239535034}.Release|Any CPU.ActiveCfg = Release|Any CPU
		{92AA0989-95EF-4933-907B-B87239535034}.Release|Any CPU.Build.0 = Release|Any CPU
	EndGlobalSection
	GlobalSection(SolutionProperties) = preSolution
		HideSolutionNode = FALSE
	EndGlobalSection
	GlobalSection(ExtensibilityGlobals) = postSolution
		SolutionGuid = {4D86F95F-22F7-4B8B-AA81-21AF5F74F28D}
	EndGlobalSection
EndGlobal
