
Microsoft Visual Studio Solution File, Format Version 12.00
# Visual Studio Version 17
VisualStudioVersion = 17.10.35013.160
MinimumVisualStudioVersion = 10.0.40219.1
Project("{FAE04EC0-301F-11D3-BF4B-00C04F79EFBC}") = "OOP_Day2", "OOP_Day2.csproj", "{2F0E2B12-2580-471B-9A42-BDE1C114D917}"
EndProject
Global
	GlobalSection(SolutionConfigurationPlatforms) = preSolution
		Debug|Any CPU = Debug|Any CPU
		Release|Any CPU = Release|Any CPU
	EndGlobalSection
	GlobalSection(ProjectConfigurationPlatforms) = postSolution
		{2F0E2B12-2580-471B-9A42-BDE1C114D917}.Debug|Any CPU.ActiveCfg = Debug|Any CPU
		{2F0E2B12-2580-471B-9A42-BDE1C114D917}.Debug|Any CPU.Build.0 = Debug|Any CPU
		{2F0E2B12-2580-471B-9A42-BDE1C114D917}.Release|Any CPU.ActiveCfg = Release|Any CPU
		{2F0E2B12-2580-471B-9A42-BDE1C114D917}.Release|Any CPU.Build.0 = Release|Any CPU
	EndGlobalSection
	GlobalSection(SolutionProperties) = preSolution
		HideSolutionNode = FALSE
	EndGlobalSection
	GlobalSection(ExtensibilityGlobals) = postSolution
		SolutionGuid = {44CCB59A-8D6D-4A78-BA6E-03979EFD4BD3}
	EndGlobalSection
EndGlobal
